
Microsoft Visual Studio Solution File, Format Version 12.00
# Visual Studio 15
VisualStudioVersion = 15.0.27004.2010
MinimumVisualStudioVersion = 10.0.40219.1
Project("{9A19103F-16F7-4668-BE54-9A1E7A4F7556}") = "Xmu.Crms.HotPot", "Xmu.Crms.HotPot\Xmu.Crms.HotPot.csproj", "{41F71096-2A4C-4DE2-A07C-152E9807DB09}"
EndProject
Project("{9A19103F-16F7-4668-BE54-9A1E7A4F7556}") = "Xmu.Crms.Services.HotPot", "Xmu.Crms.Services.HotPot\Xmu.Crms.Services.HotPot.csproj", "{E24D346F-4F34-49A1-B501-F15B8F0635A8}"
EndProject
Project("{9A19103F-16F7-4668-BE54-9A1E7A4F7556}") = "Xmu.Crms.Shared", "Xmu.Crms.Shared\Xmu.Crms.Shared.csproj", "{748FC45F-5C2D-4CA8-A60E-FBA545F77A07}"
EndProject
Project("{9A19103F-16F7-4668-BE54-9A1E7A4F7556}") = "Xmu.Crms.Services.Group2_10", "Xmu.Crms.Services.2-10\Xmu.Crms.Services.Group2_10.csproj", "{8B95587B-E6AB-4351-8185-8FAB59FB58F8}"
EndProject
Project("{9A19103F-16F7-4668-BE54-9A1E7A4F7556}") = "Xmu.Crms.Services.Group1_7", "Xmu.Crms.Services.1-7\Xmu.Crms.Services.Group1_7.csproj", "{C8438A46-2C76-4275-899D-93FB4DF20286}"
EndProject
Project("{9A19103F-16F7-4668-BE54-9A1E7A4F7556}") = "Xmu.Crms.Mobile.HotPot", "Xmu.Crms.Mobile.HotPot\Xmu.Crms.Mobile.HotPot.csproj", "{D837928F-63F6-47C0-B23C-D98FB904D5BE}"
EndProject
Project("{9A19103F-16F7-4668-BE54-9A1E7A4F7556}") = "Xmu.Crms.Services.SmartFive", "Xmu.Crms.Services.SmartFive\Xmu.Crms.Services.SmartFive.csproj", "{FF1740E8-EEBE-471D-BA78-16D630D089CD}"
EndProject
Project("{9A19103F-16F7-4668-BE54-9A1E7A4F7556}") = "Xmu.Crms.API.Insomnia", "Xmu.Crms.API.Insomnia\Xmu.Crms.API.Insomnia.csproj", "{1649876E-ABCA-40BC-8E79-8F1492651AA3}"
EndProject
Project("{9A19103F-16F7-4668-BE54-9A1E7A4F7556}") = "Xmu.Crms.Services.Insomnia", "Xmu.Crms.Services.Insomnia\Xmu.Crms.Services.Insomnia.csproj", "{4D30A9AE-3CAB-47A8-B3D5-BEC5EF24424C}"
EndProject
Project("{9A19103F-16F7-4668-BE54-9A1E7A4F7556}") = "Xmu.Crms.Web.Insomnia", "Xmu.Crms.Web.Insomnia\Xmu.Crms.Web.Insomnia.csproj", "{79D0546D-3F16-43B3-A9E0-2902880E2142}"
EndProject
Global
	GlobalSection(SolutionConfigurationPlatforms) = preSolution
		Debug|Any CPU = Debug|Any CPU
		Release|Any CPU = Release|Any CPU
	EndGlobalSection
	GlobalSection(ProjectConfigurationPlatforms) = postSolution
		{41F71096-2A4C-4DE2-A07C-152E9807DB09}.Debug|Any CPU.ActiveCfg = Debug|Any CPU
		{41F71096-2A4C-4DE2-A07C-152E9807DB09}.Debug|Any CPU.Build.0 = Debug|Any CPU
		{41F71096-2A4C-4DE2-A07C-152E9807DB09}.Release|Any CPU.ActiveCfg = Release|Any CPU
		{41F71096-2A4C-4DE2-A07C-152E9807DB09}.Release|Any CPU.Build.0 = Release|Any CPU
		{E24D346F-4F34-49A1-B501-F15B8F0635A8}.Debug|Any CPU.ActiveCfg = Debug|Any CPU
		{E24D346F-4F34-49A1-B501-F15B8F0635A8}.Debug|Any CPU.Build.0 = Debug|Any CPU
		{E24D346F-4F34-49A1-B501-F15B8F0635A8}.Release|Any CPU.ActiveCfg = Release|Any CPU
		{E24D346F-4F34-49A1-B501-F15B8F0635A8}.Release|Any CPU.Build.0 = Release|Any CPU
		{748FC45F-5C2D-4CA8-A60E-FBA545F77A07}.Debug|Any CPU.ActiveCfg = Debug|Any CPU
		{748FC45F-5C2D-4CA8-A60E-FBA545F77A07}.Debug|Any CPU.Build.0 = Debug|Any CPU
		{748FC45F-5C2D-4CA8-A60E-FBA545F77A07}.Release|Any CPU.ActiveCfg = Release|Any CPU
		{748FC45F-5C2D-4CA8-A60E-FBA545F77A07}.Release|Any CPU.Build.0 = Release|Any CPU
		{8B95587B-E6AB-4351-8185-8FAB59FB58F8}.Debug|Any CPU.ActiveCfg = Debug|Any CPU
		{8B95587B-E6AB-4351-8185-8FAB59FB58F8}.Debug|Any CPU.Build.0 = Debug|Any CPU
		{8B95587B-E6AB-4351-8185-8FAB59FB58F8}.Release|Any CPU.ActiveCfg = Release|Any CPU
		{8B95587B-E6AB-4351-8185-8FAB59FB58F8}.Release|Any CPU.Build.0 = Release|Any CPU
		{C8438A46-2C76-4275-899D-93FB4DF20286}.Debug|Any CPU.ActiveCfg = Debug|Any CPU
		{C8438A46-2C76-4275-899D-93FB4DF20286}.Debug|Any CPU.Build.0 = Debug|Any CPU
		{C8438A46-2C76-4275-899D-93FB4DF20286}.Release|Any CPU.ActiveCfg = Release|Any CPU
		{C8438A46-2C76-4275-899D-93FB4DF20286}.Release|Any CPU.Build.0 = Release|Any CPU
		{D837928F-63F6-47C0-B23C-D98FB904D5BE}.Debug|Any CPU.ActiveCfg = Debug|Any CPU
		{D837928F-63F6-47C0-B23C-D98FB904D5BE}.Debug|Any CPU.Build.0 = Debug|Any CPU
		{D837928F-63F6-47C0-B23C-D98FB904D5BE}.Release|Any CPU.ActiveCfg = Release|Any CPU
		{D837928F-63F6-47C0-B23C-D98FB904D5BE}.Release|Any CPU.Build.0 = Release|Any CPU
		{FF1740E8-EEBE-471D-BA78-16D630D089CD}.Debug|Any CPU.ActiveCfg = Debug|Any CPU
		{FF1740E8-EEBE-471D-BA78-16D630D089CD}.Debug|Any CPU.Build.0 = Debug|Any CPU
		{FF1740E8-EEBE-471D-BA78-16D630D089CD}.Release|Any CPU.ActiveCfg = Release|Any CPU
		{FF1740E8-EEBE-471D-BA78-16D630D089CD}.Release|Any CPU.Build.0 = Release|Any CPU
		{1649876E-ABCA-40BC-8E79-8F1492651AA3}.Debug|Any CPU.ActiveCfg = Debug|Any CPU
		{1649876E-ABCA-40BC-8E79-8F1492651AA3}.Debug|Any CPU.Build.0 = Debug|Any CPU
		{1649876E-ABCA-40BC-8E79-8F1492651AA3}.Release|Any CPU.ActiveCfg = Release|Any CPU
		{1649876E-ABCA-40BC-8E79-8F1492651AA3}.Release|Any CPU.Build.0 = Release|Any CPU
		{4D30A9AE-3CAB-47A8-B3D5-BEC5EF24424C}.Debug|Any CPU.ActiveCfg = Debug|Any CPU
		{4D30A9AE-3CAB-47A8-B3D5-BEC5EF24424C}.Debug|Any CPU.Build.0 = Debug|Any CPU
		{4D30A9AE-3CAB-47A8-B3D5-BEC5EF24424C}.Release|Any CPU.ActiveCfg = Release|Any CPU
		{4D30A9AE-3CAB-47A8-B3D5-BEC5EF24424C}.Release|Any CPU.Build.0 = Release|Any CPU
		{79D0546D-3F16-43B3-A9E0-2902880E2142}.Debug|Any CPU.ActiveCfg = Debug|Any CPU
		{79D0546D-3F16-43B3-A9E0-2902880E2142}.Debug|Any CPU.Build.0 = Debug|Any CPU
		{79D0546D-3F16-43B3-A9E0-2902880E2142}.Release|Any CPU.ActiveCfg = Release|Any CPU
		{79D0546D-3F16-43B3-A9E0-2902880E2142}.Release|Any CPU.Build.0 = Release|Any CPU
	EndGlobalSection
	GlobalSection(SolutionProperties) = preSolution
		HideSolutionNode = FALSE
	EndGlobalSection
	GlobalSection(ExtensibilityGlobals) = postSolution
		SolutionGuid = {0DDB3B40-2117-4575-8D77-B8778235A540}
	EndGlobalSection
EndGlobal
